
Microsoft Visual Studio Solution File, Format Version 12.00
Project("{2150E333-8FDC-42A3-9474-1A3956D46DE8}") = "src", "src", "{827E0CD3-B72D-47B6-A68D-7590B98EB39B}"
EndProject
Project("{FAE04EC0-301F-11D3-BF4B-00C04F79EFBC}") = "FleetAnalytics.Domain", "src\FleetAnalytics.Domain\FleetAnalytics.Domain.csproj", "{BAEBFD40-C022-4E3D-B73C-5AF75D924BF6}"
EndProject
Project("{FAE04EC0-301F-11D3-BF4B-00C04F79EFBC}") = "FleetAnalytics.Application", "src\FleetAnalytics.Application\FleetAnalytics.Application.csproj", "{5C8D24A0-0C19-414F-8062-BFCE959ABB00}"
EndProject
Project("{FAE04EC0-301F-11D3-BF4B-00C04F79EFBC}") = "FleetAnalytics.Infrastructure", "src\FleetAnalytics.Infrastructure\FleetAnalytics.Infrastructure.csproj", "{66F1BADD-7C95-43CA-973F-269792D622F8}"
EndProject
Project("{FAE04EC0-301F-11D3-BF4B-00C04F79EFBC}") = "FleetAnalytics.Api", "src\FleetAnalytics.Api\FleetAnalytics.Api.csproj", "{972372EA-52E8-4C99-A46B-FC5CECA14AE0}"
EndProject
Project("{FAE04EC0-301F-11D3-BF4B-00C04F79EFBC}") = "FleetAnalytics.Tests", "tests\FleetAnalytics.Tests\FleetAnalytics.Tests.csproj", "{6283A024-FA16-472F-926C-DD53176542EE}"
EndProject
Global
	GlobalSection(SolutionConfigurationPlatforms) = preSolution
		Debug|Any CPU = Debug|Any CPU
		Debug|x64 = Debug|x64
		Debug|x86 = Debug|x86
		Release|Any CPU = Release|Any CPU
		Release|x64 = Release|x64
		Release|x86 = Release|x86
	EndGlobalSection
	GlobalSection(ProjectConfigurationPlatforms) = postSolution
		{BAEBFD40-C022-4E3D-B73C-5AF75D924BF6}.Debug|Any CPU.ActiveCfg = Debug|Any CPU
		{BAEBFD40-C022-4E3D-B73C-5AF75D924BF6}.Debug|Any CPU.Build.0 = Debug|Any CPU
		{BAEBFD40-C022-4E3D-B73C-5AF75D924BF6}.Debug|x64.ActiveCfg = Debug|Any CPU
		{BAEBFD40-C022-4E3D-B73C-5AF75D924BF6}.Debug|x64.Build.0 = Debug|Any CPU
		{BAEBFD40-C022-4E3D-B73C-5AF75D924BF6}.Debug|x86.ActiveCfg = Debug|Any CPU
		{BAEBFD40-C022-4E3D-B73C-5AF75D924BF6}.Debug|x86.Build.0 = Debug|Any CPU
		{BAEBFD40-C022-4E3D-B73C-5AF75D924BF6}.Release|Any CPU.ActiveCfg = Release|Any CPU
		{BAEBFD40-C022-4E3D-B73C-5AF75D924BF6}.Release|Any CPU.Build.0 = Release|Any CPU
		{BAEBFD40-C022-4E3D-B73C-5AF75D924BF6}.Release|x64.ActiveCfg = Release|Any CPU
		{BAEBFD40-C022-4E3D-B73C-5AF75D924BF6}.Release|x64.Build.0 = Release|Any CPU
		{BAEBFD40-C022-4E3D-B73C-5AF75D924BF6}.Release|x86.ActiveCfg = Release|Any CPU
		{BAEBFD40-C022-4E3D-B73C-5AF75D924BF6}.Release|x86.Build.0 = Release|Any CPU
		{5C8D24A0-0C19-414F-8062-BFCE959ABB00}.Debug|Any CPU.ActiveCfg = Debug|Any CPU
		{5C8D24A0-0C19-414F-8062-BFCE959ABB00}.Debug|Any CPU.Build.0 = Debug|Any CPU
		{5C8D24A0-0C19-414F-8062-BFCE959ABB00}.Debug|x64.ActiveCfg = Debug|Any CPU
		{5C8D24A0-0C19-414F-8062-BFCE959ABB00}.Debug|x64.Build.0 = Debug|Any CPU
		{5C8D24A0-0C19-414F-8062-BFCE959ABB00}.Debug|x86.ActiveCfg = Debug|Any CPU
		{5C8D24A0-0C19-414F-8062-BFCE959ABB00}.Debug|x86.Build.0 = Debug|Any CPU
		{5C8D24A0-0C19-414F-8062-BFCE959ABB00}.Release|Any CPU.ActiveCfg = Release|Any CPU
		{5C8D24A0-0C19-414F-8062-BFCE959ABB00}.Release|Any CPU.Build.0 = Release|Any CPU
		{5C8D24A0-0C19-414F-8062-BFCE959ABB00}.Release|x64.ActiveCfg = Release|Any CPU
		{5C8D24A0-0C19-414F-8062-BFCE959ABB00}.Release|x64.Build.0 = Release|Any CPU
		{5C8D24A0-0C19-414F-8062-BFCE959ABB00}.Release|x86.ActiveCfg = Release|Any CPU
		{5C8D24A0-0C19-414F-8062-BFCE959ABB00}.Release|x86.Build.0 = Release|Any CPU
		{66F1BADD-7C95-43CA-973F-269792D622F8}.Debug|Any CPU.ActiveCfg = Debug|Any CPU
		{66F1BADD-7C95-43CA-973F-269792D622F8}.Debug|Any CPU.Build.0 = Debug|Any CPU
		{66F1BADD-7C95-43CA-973F-269792D622F8}.Debug|x64.ActiveCfg = Debug|Any CPU
		{66F1BADD-7C95-43CA-973F-269792D622F8}.Debug|x64.Build.0 = Debug|Any CPU
		{66F1BADD-7C95-43CA-973F-269792D622F8}.Debug|x86.ActiveCfg = Debug|Any CPU
		{66F1BADD-7C95-43CA-973F-269792D622F8}.Debug|x86.Build.0 = Debug|Any CPU
		{66F1BADD-7C95-43CA-973F-269792D622F8}.Release|Any CPU.ActiveCfg = Release|Any CPU
		{66F1BADD-7C95-43CA-973F-269792D622F8}.Release|Any CPU.Build.0 = Release|Any CPU
		{66F1BADD-7C95-43CA-973F-269792D622F8}.Release|x64.ActiveCfg = Release|Any CPU
		{66F1BADD-7C95-43CA-973F-269792D622F8}.Release|x64.Build.0 = Release|Any CPU
		{66F1BADD-7C95-43CA-973F-269792D622F8}.Release|x86.ActiveCfg = Release|Any CPU
		{66F1BADD-7C95-43CA-973F-269792D622F8}.Release|x86.Build.0 = Release|Any CPU
		{972372EA-52E8-4C99-A46B-FC5CECA14AE0}.Debug|Any CPU.ActiveCfg = Debug|Any CPU
		{972372EA-52E8-4C99-A46B-FC5CECA14AE0}.Debug|Any CPU.Build.0 = Debug|Any CPU
		{972372EA-52E8-4C99-A46B-FC5CECA14AE0}.Debug|x64.ActiveCfg = Debug|Any CPU
		{972372EA-52E8-4C99-A46B-FC5CECA14AE0}.Debug|x64.Build.0 = Debug|Any CPU
		{972372EA-52E8-4C99-A46B-FC5CECA14AE0}.Debug|x86.ActiveCfg = Debug|Any CPU
		{972372EA-52E8-4C99-A46B-FC5CECA14AE0}.Debug|x86.Build.0 = Debug|Any CPU
		{972372EA-52E8-4C99-A46B-FC5CECA14AE0}.Release|Any CPU.ActiveCfg = Release|Any CPU
		{972372EA-52E8-4C99-A46B-FC5CECA14AE0}.Release|Any CPU.Build.0 = Release|Any CPU
		{972372EA-52E8-4C99-A46B-FC5CECA14AE0}.Release|x64.ActiveCfg = Release|Any CPU
		{972372EA-52E8-4C99-A46B-FC5CECA14AE0}.Release|x64.Build.0 = Release|Any CPU
		{972372EA-52E8-4C99-A46B-FC5CECA14AE0}.Release|x86.ActiveCfg = Release|Any CPU
		{972372EA-52E8-4C99-A46B-FC5CECA14AE0}.Release|x86.Build.0 = Release|Any CPU
		{6283A024-FA16-472F-926C-DD53176542EE}.Debug|Any CPU.ActiveCfg = Debug|Any CPU
		{6283A024-FA16-472F-926C-DD53176542EE}.Debug|Any CPU.Build.0 = Debug|Any CPU
		{6283A024-FA16-472F-926C-DD53176542EE}.Debug|x64.ActiveCfg = Debug|Any CPU
		{6283A024-FA16-472F-926C-DD53176542EE}.Debug|x64.Build.0 = Debug|Any CPU
		{6283A024-FA16-472F-926C-DD53176542EE}.Debug|x86.ActiveCfg = Debug|Any CPU
		{6283A024-FA16-472F-926C-DD53176542EE}.Debug|x86.Build.0 = Debug|Any CPU
		{6283A024-FA16-472F-926C-DD53176542EE}.Release|Any CPU.ActiveCfg = Release|Any CPU
		{6283A024-FA16-472F-926C-DD53176542EE}.Release|Any CPU.Build.0 = Release|Any CPU
		{6283A024-FA16-472F-926C-DD53176542EE}.Release|x64.ActiveCfg = Release|Any CPU
		{6283A024-FA16-472F-926C-DD53176542EE}.Release|x64.Build.0 = Release|Any CPU
		{6283A024-FA16-472F-926C-DD53176542EE}.Release|x86.ActiveCfg = Release|Any CPU
		{6283A024-FA16-472F-926C-DD53176542EE}.Release|x86.Build.0 = Release|Any CPU
	EndGlobalSection
	GlobalSection(SolutionProperties) = preSolution
		HideSolutionNode = FALSE
	EndGlobalSection
	GlobalSection(NestedProjects) = preSolution
		{BAEBFD40-C022-4E3D-B73C-5AF75D924BF6} = {827E0CD3-B72D-47B6-A68D-7590B98EB39B}
		{5C8D24A0-0C19-414F-8062-BFCE959ABB00} = {827E0CD3-B72D-47B6-A68D-7590B98EB39B}
		{66F1BADD-7C95-43CA-973F-269792D622F8} = {827E0CD3-B72D-47B6-A68D-7590B98EB39B}
		{972372EA-52E8-4C99-A46B-FC5CECA14AE0} = {827E0CD3-B72D-47B6-A68D-7590B98EB39B}
		{6283A024-FA16-472F-926C-DD53176542EE} = {827E0CD3-B72D-47B6-A68D-7590B98EB39B}
	EndGlobalSection
EndGlobal
